
Microsoft Visual Studio Solution File, Format Version 12.00
# Visual Studio Version 16
VisualStudioVersion = 16.0.30104.148
MinimumVisualStudioVersion = 10.0.40219.1
Project("{9A19103F-16F7-4668-BE54-9A1E7A4F7556}") = "CinemaApp.WebApi", "CinemaApp.WebApi\CinemaApp.WebApi.csproj", "{3A17D2EA-C659-4EA8-AAED-DE598CD6137E}"
EndProject
Project("{9A19103F-16F7-4668-BE54-9A1E7A4F7556}") = "CinemaApp.Common", "CinemaApp.Common\CinemaApp.Common.csproj", "{CB91C129-5EB7-4803-925A-41908AF169A2}"
EndProject
Project("{9A19103F-16F7-4668-BE54-9A1E7A4F7556}") = "CinemaApp.Services", "CinemaApp.Services\CinemaApp.Services.csproj", "{B6D33A4A-9341-4623-AF1E-C1F429DA33B0}"
EndProject
Project("{FAE04EC0-301F-11D3-BF4B-00C04F79EFBC}") = "CinemaApp.Repositories", "CinemaApp.Repositories\CinemaApp.Repositories.csproj", "{398D9441-19F4-4050-B840-426E66154EEE}"
EndProject
Project("{FAE04EC0-301F-11D3-BF4B-00C04F79EFBC}") = "CinemaApp.Models", "CinemaApp.Models\CinemaApp.Models.csproj", "{6925268B-02E0-4723-8EEE-26C7CDD4BA97}"
EndProject
Global
	GlobalSection(SolutionConfigurationPlatforms) = preSolution
		Debug|Any CPU = Debug|Any CPU
		Release|Any CPU = Release|Any CPU
	EndGlobalSection
	GlobalSection(ProjectConfigurationPlatforms) = postSolution
		{3A17D2EA-C659-4EA8-AAED-DE598CD6137E}.Debug|Any CPU.ActiveCfg = Debug|Any CPU
		{3A17D2EA-C659-4EA8-AAED-DE598CD6137E}.Debug|Any CPU.Build.0 = Debug|Any CPU
		{3A17D2EA-C659-4EA8-AAED-DE598CD6137E}.Release|Any CPU.ActiveCfg = Release|Any CPU
		{3A17D2EA-C659-4EA8-AAED-DE598CD6137E}.Release|Any CPU.Build.0 = Release|Any CPU
		{CB91C129-5EB7-4803-925A-41908AF169A2}.Debug|Any CPU.ActiveCfg = Debug|Any CPU
		{CB91C129-5EB7-4803-925A-41908AF169A2}.Debug|Any CPU.Build.0 = Debug|Any CPU
		{CB91C129-5EB7-4803-925A-41908AF169A2}.Release|Any CPU.ActiveCfg = Release|Any CPU
		{CB91C129-5EB7-4803-925A-41908AF169A2}.Release|Any CPU.Build.0 = Release|Any CPU
		{B6D33A4A-9341-4623-AF1E-C1F429DA33B0}.Debug|Any CPU.ActiveCfg = Debug|Any CPU
		{B6D33A4A-9341-4623-AF1E-C1F429DA33B0}.Debug|Any CPU.Build.0 = Debug|Any CPU
		{B6D33A4A-9341-4623-AF1E-C1F429DA33B0}.Release|Any CPU.ActiveCfg = Release|Any CPU
		{B6D33A4A-9341-4623-AF1E-C1F429DA33B0}.Release|Any CPU.Build.0 = Release|Any CPU
		{398D9441-19F4-4050-B840-426E66154EEE}.Debug|Any CPU.ActiveCfg = Debug|Any CPU
		{398D9441-19F4-4050-B840-426E66154EEE}.Debug|Any CPU.Build.0 = Debug|Any CPU
		{398D9441-19F4-4050-B840-426E66154EEE}.Release|Any CPU.ActiveCfg = Release|Any CPU
		{398D9441-19F4-4050-B840-426E66154EEE}.Release|Any CPU.Build.0 = Release|Any CPU
		{6925268B-02E0-4723-8EEE-26C7CDD4BA97}.Debug|Any CPU.ActiveCfg = Debug|Any CPU
		{6925268B-02E0-4723-8EEE-26C7CDD4BA97}.Debug|Any CPU.Build.0 = Debug|Any CPU
		{6925268B-02E0-4723-8EEE-26C7CDD4BA97}.Release|Any CPU.ActiveCfg = Release|Any CPU
		{6925268B-02E0-4723-8EEE-26C7CDD4BA97}.Release|Any CPU.Build.0 = Release|Any CPU
	EndGlobalSection
	GlobalSection(SolutionProperties) = preSolution
		HideSolutionNode = FALSE
	EndGlobalSection
	GlobalSection(ExtensibilityGlobals) = postSolution
		SolutionGuid = {02CBFB38-C7C7-40EC-BF0A-C790B26857AE}
	EndGlobalSection
EndGlobal
